// !$*UTF8*$!
{
	archiveVersion = 1;
	classes = {
	};
	objectVersion = 46;
	objects = {

/* Begin PBXBuildFile section */
		C03447A31EE1B3AB00C8B9AC /* AppDelegate.swift in Sources */ = {isa = PBXBuildFile; fileRef = C03447A21EE1B3AB00C8B9AC /* AppDelegate.swift */; };
		C03447A51EE1B3AB00C8B9AC /* ViewController.swift in Sources */ = {isa = PBXBuildFile; fileRef = C03447A41EE1B3AB00C8B9AC /* ViewController.swift */; };
		C03447A81EE1B3AB00C8B9AC /* Main.storyboard in Resources */ = {isa = PBXBuildFile; fileRef = C03447A61EE1B3AB00C8B9AC /* Main.storyboard */; };
		C03447AA1EE1B3AB00C8B9AC /* Assets.xcassets in Resources */ = {isa = PBXBuildFile; fileRef = C03447A91EE1B3AB00C8B9AC /* Assets.xcassets */; };
		C03447AD1EE1B3AB00C8B9AC /* LaunchScreen.storyboard in Resources */ = {isa = PBXBuildFile; fileRef = C03447AB1EE1B3AB00C8B9AC /* LaunchScreen.storyboard */; };
/* End PBXBuildFile section */

/* Begin PBXFileReference section */
		C034479F1EE1B3AB00C8B9AC /* pmen.app */ = {isa = PBXFileReference; explicitFileType = wrapper.application; includeInIndex = 0; path = pmen.app; sourceTree = BUILT_PRODUCTS_DIR; };
		C03447A21EE1B3AB00C8B9AC /* AppDelegate.swift */ = {isa = PBXFileReference; lastKnownFileType = sourcecode.swift; path = AppDelegate.swift; sourceTree = "<group>"; };
		C03447A41EE1B3AB00C8B9AC /* ViewController.swift */ = {isa = PBXFileReference; lastKnownFileType = sourcecode.swift; path = ViewController.swift; sourceTree = "<group>"; };
		C03447A71EE1B3AB00C8B9AC /* Base */ = {isa = PBXFileReference; lastKnownFileType = file.storyboard; name = Base; path = Base.lproj/Main.storyboard; sourceTree = "<group>"; };
		C03447A91EE1B3AB00C8B9AC /* Assets.xcassets */ = {isa = PBXFileReference; lastKnownFileType = folder.assetcatalog; path = Assets.xcassets; sourceTree = "<group>"; };
		C03447AC1EE1B3AB00C8B9AC /* Base */ = {isa = PBXFileReference; lastKnownFileType = file.storyboard; name = Base; path = Base.lproj/LaunchScreen.storyboard; sourceTree = "<group>"; };
		C03447AE1EE1B3AB00C8B9AC /* Info.plist */ = {isa = PBXFileReference; lastKnownFileType = text.plist.xml; path = Info.plist; sourceTree = "<group>"; };
/* End PBXFileReference section */

/* Begin PBXFrameworksBuildPhase section */
		C034479C1EE1B3AB00C8B9AC /* Frameworks */ = {
			isa = PBXFrameworksBuildPhase;
			buildActionMask = 2147483647;
			files = (
			);
			runOnlyForDeploymentPostprocessing = 0;
		};
/* End PBXFrameworksBuildPhase section */

/* Begin PBXGroup section */
		C03447961EE1B3AB00C8B9AC = {
			isa = PBXGroup;
			children = (
				C03447A11EE1B3AB00C8B9AC /* pmen */,
				C03447A01EE1B3AB00C8B9AC /* Products */,
			);
			sourceTree = "<group>";
		};
		C03447A01EE1B3AB00C8B9AC /* Products */ = {
			isa = PBXGroup;
			children = (
				C034479F1EE1B3AB00C8B9AC /* pmen.app */,
			);
			name = Products;
			sourceTree = "<group>";
		};
		C03447A11EE1B3AB00C8B9AC /* pmen */ = {
			isa = PBXGroup;
			children = (
				C03447A21EE1B3AB00C8B9AC /* AppDelegate.swift */,
				C03447A41EE1B3AB00C8B9AC /* ViewController.swift */,
				C03447A61EE1B3AB00C8B9AC /* Main.storyboard */,
				C03447A91EE1B3AB00C8B9AC /* Assets.xcassets */,
				C03447AB1EE1B3AB00C8B9AC /* LaunchScreen.storyboard */,
				C03447AE1EE1B3AB00C8B9AC /* Info.plist */,
			);
			path = pmen;
			sourceTree = "<group>";
		};
/* End PBXGroup section */

/* Begin PBXNativeTarget section */
		C034479E1EE1B3AB00C8B9AC /* pmen */ = {
			isa = PBXNativeTarget;
			buildConfigurationList = C03447B11EE1B3AB00C8B9AC /* Build configuration list for PBXNativeTarget "pmen" */;
			buildPhases = (
				C034479B1EE1B3AB00C8B9AC /* Sources */,
				C034479C1EE1B3AB00C8B9AC /* Frameworks */,
				C034479D1EE1B3AB00C8B9AC /* Resources */,
			);
			buildRules = (
			);
			dependencies = (
			);
			name = pmen;
			productName = pmen;
			productReference = C034479F1EE1B3AB00C8B9AC /* pmen.app */;
			productType = "com.apple.product-type.application";
		};
/* End PBXNativeTarget section */

/* Begin PBXProject section */
		C03447971EE1B3AB00C8B9AC /* Project object */ = {
			isa = PBXProject;
			attributes = {
				LastSwiftUpdateCheck = 0830;
				LastUpgradeCheck = 0830;
				ORGANIZATIONNAME = your3i;
				TargetAttributes = {
					C034479E1EE1B3AB00C8B9AC = {
						CreatedOnToolsVersion = 8.3.2;
						DevelopmentTeam = EJABU3NK3W;
						ProvisioningStyle = Automatic;
					};
				};
			};
			buildConfigurationList = C034479A1EE1B3AB00C8B9AC /* Build configuration list for PBXProject "pmen" */;
			compatibilityVersion = "Xcode 3.2";
			developmentRegion = English;
			hasScannedForEncodings = 0;
			knownRegions = (
				en,
				Base,
			);
			mainGroup = C03447961EE1B3AB00C8B9AC;
			productRefGroup = C03447A01EE1B3AB00C8B9AC /* Products */;
			projectDirPath = "";
			projectRoot = "";
			targets = (
				C034479E1EE1B3AB00C8B9AC /* pmen */,
			);
		};
/* End PBXProject section */

/* Begin PBXResourcesBuildPhase section */
		C034479D1EE1B3AB00C8B9AC /* Resources */ = {
			isa = PBXResourcesBuildPhase;
			buildActionMask = 2147483647;
			files = (
				C03447AD1EE1B3AB00C8B9AC /* LaunchScreen.storyboard in Resources */,
				C03447AA1EE1B3AB00C8B9AC /* Assets.xcassets in Resources */,
				C03447A81EE1B3AB00C8B9AC /* Main.storyboard in Resources */,
			);
			runOnlyForDeploymentPostprocessing = 0;
		};
/* End PBXResourcesBuildPhase section */

/* Begin PBXSourcesBuildPhase section */
		C034479B1EE1B3AB00C8B9AC /* Sources */ = {
			isa = PBXSourcesBuildPhase;
			buildActionMask = 2147483647;
			files = (
				C03447A51EE1B3AB00C8B9AC /* ViewController.swift in Sources */,
				C03447A31EE1B3AB00C8B9AC /* AppDelegate.swift in Sources */,
			);
			runOnlyForDeploymentPostprocessing = 0;
		};
/* End PBXSourcesBuildPhase section */

/* Begin PBXVariantGroup section */
		C03447A61EE1B3AB00C8B9AC /* Main.storyboard */ = {
			isa = PBXVariantGroup;
			children = (
				C03447A71EE1B3AB00C8B9AC /* Base */,
			);
			name = Main.storyboard;
			sourceTree = "<group>";
		};
		C03447AB1EE1B3AB00C8B9AC /* LaunchScreen.storyboard */ = {
			isa = PBXVariantGroup;
			children = (
				C03447AC1EE1B3AB00C8B9AC /* Base */,
			);
			name = LaunchScreen.storyboard;
			sourceTree = "<group>";
		};
/* End PBXVariantGroup section */

/* Begin XCBuildConfiguration section */
		C03447AF1EE1B3AB00C8B9AC /* Debug */ = {
			isa = XCBuildConfiguration;
			buildSettings = {
				ALWAYS_SEARCH_USER_PATHS = NO;
				CLANG_ANALYZER_NONNULL = YES;
				CLANG_ANALYZER_NUMBER_OBJECT_CONVERSION = YES_AGGRESSIVE;
				CLANG_CXX_LANGUAGE_STANDARD = "gnu++0x";
				CLANG_CXX_LIBRARY = "libc++";
				CLANG_ENABLE_MODULES = YES;
				CLANG_ENABLE_OBJC_ARC = YES;
				CLANG_WARN_BOOL_CONVERSION = YES;
				CLANG_WARN_CONSTANT_CONVERSION = YES;
				CLANG_WARN_DIRECT_OBJC_ISA_USAGE = YES_ERROR;
				CLANG_WARN_DOCUMENTATION_COMMENTS = YES;
				CLANG_WARN_EMPTY_BODY = YES;
				CLANG_WARN_ENUM_CONVERSION = YES;
				CLANG_WARN_INFINITE_RECURSION = YES;
				CLANG_WARN_INT_CONVERSION = YES;
				CLANG_WARN_OBJC_ROOT_CLASS = YES_ERROR;
				CLANG_WARN_SUSPICIOUS_MOVE = YES;
				CLANG_WARN_UNREACHABLE_CODE = YES;
				CLANG_WARN__DUPLICATE_METHOD_MATCH = YES;
				"CODE_SIGN_IDENTITY[sdk=iphoneos*]" = "iPhone Developer";
				COPY_PHASE_STRIP = NO;
				DEBUG_INFORMATION_FORMAT = dwarf;
				ENABLE_STRICT_OBJC_MSGSEND = YES;
				ENABLE_TESTABILITY = YES;
				GCC_C_LANGUAGE_STANDARD = gnu99;
				GCC_DYNAMIC_NO_PIC = NO;
				GCC_NO_COMMON_BLOCKS = YES;
				GCC_OPTIMIZATION_LEVEL = 0;
				GCC_PREPROCESSOR_DEFINITIONS = (
					"DEBUG=1",
					"$(inherited)",
				);
				GCC_WARN_64_TO_32_BIT_CONVERSION = YES;
				GCC_WARN_ABOUT_RETURN_TYPE = YES_ERROR;
				GCC_WARN_UNDECLARED_SELECTOR = YES;
				GCC_WARN_UNINITIALIZED_AUTOS = YES_AGGRESSIVE;
				GCC_WARN_UNUSED_FUNCTION = YES;
				GCC_WARN_UNUSED_VARIABLE = YES;
				IPHONEOS_DEPLOYMENT_TARGET = 10.3;
				MTL_ENABLE_DEBUG_INFO = YES;
				ONLY_ACTIVE_ARCH = YES;
				SDKROOT = iphoneos;
				SWIFT_ACTIVE_COMPILATION_CONDITIONS = DEBUG;
				SWIFT_OPTIMIZATION_LEVEL = "-Onone";
			};
			name = Debug;
		};
		C03447B01EE1B3AB00C8B9AC /* Release */ = {
			isa = XCBuildConfiguration;
			buildSettings = {
				ALWAYS_SEARCH_USER_PATHS = NO;
				CLANG_ANALYZER_NONNULL = YES;
				CLANG_ANALYZER_NUMBER_OBJECT_CONVERSION = YES_AGGRESSIVE;
				CLANG_CXX_LANGUAGE_STANDARD = "gnu++0x";
				CLANG_CXX_LIBRARY = "libc++";
				CLANG_ENABLE_MODULES = YES;
				CLANG_ENABLE_OBJC_ARC = YES;
				CLANG_WARN_BOOL_CONVERSION = YES;
				CLANG_WARN_CONSTANT_CONVERSION = YES;
				CLANG_WARN_DIRECT_OBJC_ISA_USAGE = YES_ERROR;
				CLANG_WARN_DOCUMENTATION_COMMENTS = YES;
				CLANG_WARN_EMPTY_BODY = YES;
				CLANG_WARN_ENUM_CONVERSION = YES;
				CLANG_WARN_INFINITE_RECURSION = YES;
				CLANG_WARN_INT_CONVERSION = YES;
				CLANG_WARN_OBJC_ROOT_CLASS = YES_ERROR;
				CLANG_WARN_SUSPICIOUS_MOVE = YES;
				CLANG_WARN_UNREACHABLE_CODE = YES;
				CLANG_WARN__DUPLICATE_METHOD_MATCH = YES;
				"CODE_SIGN_IDENTITY[sdk=iphoneos*]" = "iPhone Developer";
				COPY_PHASE_STRIP = NO;
				DEBUG_INFORMATION_FORMAT = "dwarf-with-dsym";
				ENABLE_NS_ASSERTIONS = NO;
				ENABLE_STRICT_OBJC_MSGSEND = YES;
				GCC_C_LANGUAGE_STANDARD = gnu99;
				GCC_NO_COMMON_BLOCKS = YES;
				GCC_WARN_64_TO_32_BIT_CONVERSION = YES;
				GCC_WARN_ABOUT_RETURN_TYPE = YES_ERROR;
				GCC_WARN_UNDECLARED_SELECTOR = YES;
				GCC_WARN_UNINITIALIZED_AUTOS = YES_AGGRESSIVE;
				GCC_WARN_UNUSED_FUNCTION = YES;
				GCC_WARN_UNUSED_VARIABLE = YES;
				IPHONEOS_DEPLOYMENT_TARGET = 10.3;
				MTL_ENABLE_DEBUG_INFO = NO;
				SDKROOT = iphoneos;
				SWIFT_OPTIMIZATION_LEVEL = "-Owholemodule";
				VALIDATE_PRODUCT = YES;
			};
			name = Release;
		};
		C03447B21EE1B3AB00C8B9AC /* Debug */ = {
			isa = XCBuildConfiguration;
			buildSettings = {
				ASSETCATALOG_COMPILER_APPICON_NAME = AppIcon;
				DEVELOPMENT_TEAM = EJABU3NK3W;
				INFOPLIST_FILE = pmen/Info.plist;
				LD_RUNPATH_SEARCH_PATHS = "$(inherited) @executable_path/Frameworks";
				PRODUCT_BUNDLE_IDENTIFIER = com.your3i.pmen;
				PRODUCT_NAME = "$(TARGET_NAME)";
				SWIFT_VERSION = 3.0;
			};
			name = Debug;
		};
		C03447B31EE1B3AB00C8B9AC /* Release */ = {
			isa = XCBuildConfiguration;
			buildSettings = {
				ASSETCATALOG_COMPILER_APPICON_NAME = AppIcon;
				DEVELOPMENT_TEAM = EJABU3NK3W;
				INFOPLIST_FILE = pmen/Info.plist;
				LD_RUNPATH_SEARCH_PATHS = "$(inherited) @executable_path/Frameworks";
				PRODUCT_BUNDLE_IDENTIFIER = com.your3i.pmen;
				PRODUCT_NAME = "$(TARGET_NAME)";
				SWIFT_VERSION = 3.0;
			};
			name = Release;
		};
/* End XCBuildConfiguration section */

/* Begin XCConfigurationList section */
		C034479A1EE1B3AB00C8B9AC /* Build configuration list for PBXProject "pmen" */ = {
			isa = XCConfigurationList;
			buildConfigurations = (
				C03447AF1EE1B3AB00C8B9AC /* Debug */,
				C03447B01EE1B3AB00C8B9AC /* Release */,
			);
			defaultConfigurationIsVisible = 0;
			defaultConfigurationName = Release;
		};
		C03447B11EE1B3AB00C8B9AC /* Build configuration list for PBXNativeTarget "pmen" */ = {
			isa = XCConfigurationList;
			buildConfigurations = (
				C03447B21EE1B3AB00C8B9AC /* Debug */,
				C03447B31EE1B3AB00C8B9AC /* Release */,
			);
			defaultConfigurationIsVisible = 0;
		};
/* End XCConfigurationList section */
	};
	rootObject = C03447971EE1B3AB00C8B9AC /* Project object */;
}
